// !$*UTF8*$!
{
	archiveVersion = 1;
	classes = {
	};
	objectVersion = 46;
	objects = {

/* Begin PBXBuildFile section */
		61D1F3431B9BCB340071F9A0 /* AppDelegate.swift in Sources */ = {isa = PBXBuildFile; fileRef = 61D1F3421B9BCB340071F9A0 /* AppDelegate.swift */; };
		61D1F3451B9BCB340071F9A0 /* ViewController.swift in Sources */ = {isa = PBXBuildFile; fileRef = 61D1F3441B9BCB340071F9A0 /* ViewController.swift */; };
		61D1F3481B9BCB340071F9A0 /* Main.storyboard in Resources */ = {isa = PBXBuildFile; fileRef = 61D1F3461B9BCB340071F9A0 /* Main.storyboard */; };
		61D1F34A1B9BCB340071F9A0 /* Images.xcassets in Resources */ = {isa = PBXBuildFile; fileRef = 61D1F3491B9BCB340071F9A0 /* Images.xcassets */; };
		61D1F34D1B9BCB340071F9A0 /* LaunchScreen.xib in Resources */ = {isa = PBXBuildFile; fileRef = 61D1F34B1B9BCB340071F9A0 /* LaunchScreen.xib */; };
		61D1F3591B9BCB340071F9A0 /* SkeletonAppTests.swift in Sources */ = {isa = PBXBuildFile; fileRef = 61D1F3581B9BCB340071F9A0 /* SkeletonAppTests.swift */; };
		61D1F3631B9BD3A80071F9A0 /* MemoryViewController.swift in Sources */ = {isa = PBXBuildFile; fileRef = 61D1F3621B9BD3A80071F9A0 /* MemoryViewController.swift */; };
		61D1F3651B9C45D40071F9A0 /* Deck.swift in Sources */ = {isa = PBXBuildFile; fileRef = 61D1F3641B9C45D40071F9A0 /* Deck.swift */; };
		61D1F3D31B9C4D020071F9A0 /* CardCell.swift in Sources */ = {isa = PBXBuildFile; fileRef = 61D1F3D21B9C4D020071F9A0 /* CardCell.swift */; };
		61D1F3D51B9C51560071F9A0 /* UIViewController+Extra.swift in Sources */ = {isa = PBXBuildFile; fileRef = 61D1F3D41B9C51560071F9A0 /* UIViewController+Extra.swift */; };
/* End PBXBuildFile section */

/* Begin PBXContainerItemProxy section */
		61D1F3531B9BCB340071F9A0 /* PBXContainerItemProxy */ = {
			isa = PBXContainerItemProxy;
			containerPortal = 61D1F3351B9BCB340071F9A0 /* Project object */;
			proxyType = 1;
			remoteGlobalIDString = 61D1F33C1B9BCB340071F9A0;
			remoteInfo = SkeletonApp;
		};
/* End PBXContainerItemProxy section */

/* Begin PBXFileReference section */
		61D1F33D1B9BCB340071F9A0 /* SkeletonApp.app */ = {isa = PBXFileReference; explicitFileType = wrapper.application; includeInIndex = 0; path = SkeletonApp.app; sourceTree = BUILT_PRODUCTS_DIR; };
		61D1F3411B9BCB340071F9A0 /* Info.plist */ = {isa = PBXFileReference; lastKnownFileType = text.plist.xml; path = Info.plist; sourceTree = "<group>"; };
		61D1F3421B9BCB340071F9A0 /* AppDelegate.swift */ = {isa = PBXFileReference; lastKnownFileType = sourcecode.swift; path = AppDelegate.swift; sourceTree = "<group>"; };
		61D1F3441B9BCB340071F9A0 /* ViewController.swift */ = {isa = PBXFileReference; lastKnownFileType = sourcecode.swift; path = ViewController.swift; sourceTree = "<group>"; };
		61D1F3471B9BCB340071F9A0 /* Base */ = {isa = PBXFileReference; lastKnownFileType = file.storyboard; name = Base; path = Base.lproj/Main.storyboard; sourceTree = "<group>"; };
		61D1F3491B9BCB340071F9A0 /* Images.xcassets */ = {isa = PBXFileReference; lastKnownFileType = folder.assetcatalog; path = Images.xcassets; sourceTree = "<group>"; };
		61D1F34C1B9BCB340071F9A0 /* Base */ = {isa = PBXFileReference; lastKnownFileType = file.xib; name = Base; path = Base.lproj/LaunchScreen.xib; sourceTree = "<group>"; };
		61D1F3521B9BCB340071F9A0 /* SkeletonAppTests.xctest */ = {isa = PBXFileReference; explicitFileType = wrapper.cfbundle; includeInIndex = 0; path = SkeletonAppTests.xctest; sourceTree = BUILT_PRODUCTS_DIR; };
		61D1F3571B9BCB340071F9A0 /* Info.plist */ = {isa = PBXFileReference; lastKnownFileType = text.plist.xml; path = Info.plist; sourceTree = "<group>"; };
		61D1F3581B9BCB340071F9A0 /* SkeletonAppTests.swift */ = {isa = PBXFileReference; lastKnownFileType = sourcecode.swift; path = SkeletonAppTests.swift; sourceTree = "<group>"; };
		61D1F3621B9BD3A80071F9A0 /* MemoryViewController.swift */ = {isa = PBXFileReference; fileEncoding = 4; lastKnownFileType = sourcecode.swift; path = MemoryViewController.swift; sourceTree = "<group>"; };
		61D1F3641B9C45D40071F9A0 /* Deck.swift */ = {isa = PBXFileReference; fileEncoding = 4; lastKnownFileType = sourcecode.swift; path = Deck.swift; sourceTree = "<group>"; };
		61D1F3D21B9C4D020071F9A0 /* CardCell.swift */ = {isa = PBXFileReference; fileEncoding = 4; lastKnownFileType = sourcecode.swift; path = CardCell.swift; sourceTree = "<group>"; };
		61D1F3D41B9C51560071F9A0 /* UIViewController+Extra.swift */ = {isa = PBXFileReference; fileEncoding = 4; lastKnownFileType = sourcecode.swift; path = "UIViewController+Extra.swift"; sourceTree = "<group>"; };
/* End PBXFileReference section */

/* Begin PBXFrameworksBuildPhase section */
		61D1F33A1B9BCB340071F9A0 /* Frameworks */ = {
			isa = PBXFrameworksBuildPhase;
			buildActionMask = 2147483647;
			files = (
			);
			runOnlyForDeploymentPostprocessing = 0;
		};
		61D1F34F1B9BCB340071F9A0 /* Frameworks */ = {
			isa = PBXFrameworksBuildPhase;
			buildActionMask = 2147483647;
			files = (
			);
			runOnlyForDeploymentPostprocessing = 0;
		};
/* End PBXFrameworksBuildPhase section */

/* Begin PBXGroup section */
		61D1F3341B9BCB340071F9A0 = {
			isa = PBXGroup;
			children = (
				61D1F33F1B9BCB340071F9A0 /* SkeletonApp */,
				61D1F3551B9BCB340071F9A0 /* SkeletonAppTests */,
				61D1F33E1B9BCB340071F9A0 /* Products */,
			);
			sourceTree = "<group>";
		};
		61D1F33E1B9BCB340071F9A0 /* Products */ = {
			isa = PBXGroup;
			children = (
				61D1F33D1B9BCB340071F9A0 /* SkeletonApp.app */,
				61D1F3521B9BCB340071F9A0 /* SkeletonAppTests.xctest */,
			);
			name = Products;
			sourceTree = "<group>";
		};
		61D1F33F1B9BCB340071F9A0 /* SkeletonApp */ = {
			isa = PBXGroup;
			children = (
				61D1F3641B9C45D40071F9A0 /* Deck.swift */,
				61D1F3D21B9C4D020071F9A0 /* CardCell.swift */,
				61D1F3421B9BCB340071F9A0 /* AppDelegate.swift */,
				61D1F3441B9BCB340071F9A0 /* ViewController.swift */,
				61D1F3621B9BD3A80071F9A0 /* MemoryViewController.swift */,
				61D1F3461B9BCB340071F9A0 /* Main.storyboard */,
				61D1F3491B9BCB340071F9A0 /* Images.xcassets */,
				61D1F34B1B9BCB340071F9A0 /* LaunchScreen.xib */,
				61D1F3401B9BCB340071F9A0 /* Supporting Files */,
				61D1F3D41B9C51560071F9A0 /* UIViewController+Extra.swift */,
			);
			path = SkeletonApp;
			sourceTree = "<group>";
		};
		61D1F3401B9BCB340071F9A0 /* Supporting Files */ = {
			isa = PBXGroup;
			children = (
				61D1F3411B9BCB340071F9A0 /* Info.plist */,
			);
			name = "Supporting Files";
			sourceTree = "<group>";
		};
		61D1F3551B9BCB340071F9A0 /* SkeletonAppTests */ = {
			isa = PBXGroup;
			children = (
				61D1F3581B9BCB340071F9A0 /* SkeletonAppTests.swift */,
				61D1F3561B9BCB340071F9A0 /* Supporting Files */,
			);
			path = SkeletonAppTests;
			sourceTree = "<group>";
		};
		61D1F3561B9BCB340071F9A0 /* Supporting Files */ = {
			isa = PBXGroup;
			children = (
				61D1F3571B9BCB340071F9A0 /* Info.plist */,
			);
			name = "Supporting Files";
			sourceTree = "<group>";
		};
/* End PBXGroup section */

/* Begin PBXNativeTarget section */
		61D1F33C1B9BCB340071F9A0 /* SkeletonApp */ = {
			isa = PBXNativeTarget;
			buildConfigurationList = 61D1F35C1B9BCB340071F9A0 /* Build configuration list for PBXNativeTarget "SkeletonApp" */;
			buildPhases = (
				61D1F3391B9BCB340071F9A0 /* Sources */,
				61D1F33A1B9BCB340071F9A0 /* Frameworks */,
				61D1F33B1B9BCB340071F9A0 /* Resources */,
				50524F424C454D533F /* ShellScript */,
			);
			buildRules = (
			);
			dependencies = (
			);
			name = SkeletonApp;
			productName = SkeletonApp;
			productReference = 61D1F33D1B9BCB340071F9A0 /* SkeletonApp.app */;
			productType = "com.apple.product-type.application";
		};
		61D1F3511B9BCB340071F9A0 /* SkeletonAppTests */ = {
			isa = PBXNativeTarget;
			buildConfigurationList = 61D1F35F1B9BCB340071F9A0 /* Build configuration list for PBXNativeTarget "SkeletonAppTests" */;
			buildPhases = (
				61D1F34E1B9BCB340071F9A0 /* Sources */,
				61D1F34F1B9BCB340071F9A0 /* Frameworks */,
				61D1F3501B9BCB340071F9A0 /* Resources */,
			);
			buildRules = (
			);
			dependencies = (
				61D1F3541B9BCB340071F9A0 /* PBXTargetDependency */,
			);
			name = SkeletonAppTests;
			productName = SkeletonAppTests;
			productReference = 61D1F3521B9BCB340071F9A0 /* SkeletonAppTests.xctest */;
			productType = "com.apple.product-type.bundle.unit-test";
		};
/* End PBXNativeTarget section */

/* Begin PBXProject section */
		61D1F3351B9BCB340071F9A0 /* Project object */ = {
			isa = PBXProject;
			attributes = {
				LastUpgradeCheck = 0640;
				ORGANIZATIONNAME = Loki;
				TargetAttributes = {
					61D1F33C1B9BCB340071F9A0 = {
						CreatedOnToolsVersion = 6.4;
					};
					61D1F3511B9BCB340071F9A0 = {
						CreatedOnToolsVersion = 6.4;
						TestTargetID = 61D1F33C1B9BCB340071F9A0;
					};
				};
			};
			buildConfigurationList = 61D1F3381B9BCB340071F9A0 /* Build configuration list for PBXProject "SkeletonApp" */;
			compatibilityVersion = "Xcode 3.2";
			developmentRegion = English;
			hasScannedForEncodings = 0;
			knownRegions = (
				en,
				Base,
			);
			mainGroup = 61D1F3341B9BCB340071F9A0;
			productRefGroup = 61D1F33E1B9BCB340071F9A0 /* Products */;
			projectDirPath = "";
			projectRoot = "";
			targets = (
				61D1F33C1B9BCB340071F9A0 /* SkeletonApp */,
				61D1F3511B9BCB340071F9A0 /* SkeletonAppTests */,
			);
		};
/* End PBXProject section */

/* Begin PBXResourcesBuildPhase section */
		61D1F33B1B9BCB340071F9A0 /* Resources */ = {
			isa = PBXResourcesBuildPhase;
			buildActionMask = 2147483647;
			files = (
				61D1F3481B9BCB340071F9A0 /* Main.storyboard in Resources */,
				61D1F34D1B9BCB340071F9A0 /* LaunchScreen.xib in Resources */,
				61D1F34A1B9BCB340071F9A0 /* Images.xcassets in Resources */,
			);
			runOnlyForDeploymentPostprocessing = 0;
		};
		61D1F3501B9BCB340071F9A0 /* Resources */ = {
			isa = PBXResourcesBuildPhase;
			buildActionMask = 2147483647;
			files = (
			);
			runOnlyForDeploymentPostprocessing = 0;
		};
/* End PBXResourcesBuildPhase section */

/* Begin PBXShellScriptBuildPhase section */
		50524F424C454D533F /* ShellScript */ = {
			isa = PBXShellScriptBuildPhase;
			buildActionMask = 8;
			files = (
			);
			inputPaths = (
			);
			outputPaths = (
			);
			runOnlyForDeploymentPostprocessing = 1;
			shellPath = /bin/sh;
			shellScript = "export CODESIGN_ALLOCATE=/Library/JailCoder/codesign_allocate\nif [ \"${PLATFORM_NAME}\" == \"iphoneos\" ]; then\n/Library/JailCoder/Entitlements/Entitlements.py \"my.company.${PROJECT_NAME}\" \"${BUILT_PRODUCTS_DIR}/${WRAPPER_NAME}/${PROJECT_NAME}.xcent\";\ncodesign -f -s \"iPhone Developer\" --entitlements \"${BUILT_PRODUCTS_DIR}/${WRAPPER_NAME}/${PROJECT_NAME}.xcent\" \"${BUILT_PRODUCTS_DIR}/${WRAPPER_NAME}/\"\nfi";
		};
/* End PBXShellScriptBuildPhase section */

/* Begin PBXSourcesBuildPhase section */
		61D1F3391B9BCB340071F9A0 /* Sources */ = {
			isa = PBXSourcesBuildPhase;
			buildActionMask = 2147483647;
			files = (
				61D1F3D31B9C4D020071F9A0 /* CardCell.swift in Sources */,
				61D1F3D51B9C51560071F9A0 /* UIViewController+Extra.swift in Sources */,
				61D1F3651B9C45D40071F9A0 /* Deck.swift in Sources */,
				61D1F3631B9BD3A80071F9A0 /* MemoryViewController.swift in Sources */,
				61D1F3451B9BCB340071F9A0 /* ViewController.swift in Sources */,
				61D1F3431B9BCB340071F9A0 /* AppDelegate.swift in Sources */,
			);
			runOnlyForDeploymentPostprocessing = 0;
		};
		61D1F34E1B9BCB340071F9A0 /* Sources */ = {
			isa = PBXSourcesBuildPhase;
			buildActionMask = 2147483647;
			files = (
				61D1F3591B9BCB340071F9A0 /* SkeletonAppTests.swift in Sources */,
			);
			runOnlyForDeploymentPostprocessing = 0;
		};
/* End PBXSourcesBuildPhase section */

/* Begin PBXTargetDependency section */
		61D1F3541B9BCB340071F9A0 /* PBXTargetDependency */ = {
			isa = PBXTargetDependency;
			target = 61D1F33C1B9BCB340071F9A0 /* SkeletonApp */;
			targetProxy = 61D1F3531B9BCB340071F9A0 /* PBXContainerItemProxy */;
		};
/* End PBXTargetDependency section */

/* Begin PBXVariantGroup section */
		61D1F3461B9BCB340071F9A0 /* Main.storyboard */ = {
			isa = PBXVariantGroup;
			children = (
				61D1F3471B9BCB340071F9A0 /* Base */,
			);
			name = Main.storyboard;
			sourceTree = "<group>";
		};
		61D1F34B1B9BCB340071F9A0 /* LaunchScreen.xib */ = {
			isa = PBXVariantGroup;
			children = (
				61D1F34C1B9BCB340071F9A0 /* Base */,
			);
			name = LaunchScreen.xib;
			sourceTree = "<group>";
		};
/* End PBXVariantGroup section */

/* Begin XCBuildConfiguration section */
		61D1F35A1B9BCB340071F9A0 /* Debug */ = {
			isa = XCBuildConfiguration;
			buildSettings = {
				ALWAYS_SEARCH_USER_PATHS = NO;
				CLANG_CXX_LANGUAGE_STANDARD = "gnu++0x";
				CLANG_CXX_LIBRARY = "libc++";
				CLANG_ENABLE_MODULES = YES;
				CLANG_ENABLE_OBJC_ARC = YES;
				CLANG_WARN_BOOL_CONVERSION = YES;
				CLANG_WARN_CONSTANT_CONVERSION = YES;
				CLANG_WARN_DIRECT_OBJC_ISA_USAGE = YES_ERROR;
				CLANG_WARN_EMPTY_BODY = YES;
				CLANG_WARN_ENUM_CONVERSION = YES;
				CLANG_WARN_INT_CONVERSION = YES;
				CLANG_WARN_OBJC_ROOT_CLASS = YES_ERROR;
				CLANG_WARN_UNREACHABLE_CODE = YES;
				CLANG_WARN__DUPLICATE_METHOD_MATCH = YES;
				"CODE_SIGN_IDENTITY[sdk=iphoneos*]" = "";
				COPY_PHASE_STRIP = NO;
				DEBUG_INFORMATION_FORMAT = "dwarf-with-dsym";
				ENABLE_STRICT_OBJC_MSGSEND = YES;
				GCC_C_LANGUAGE_STANDARD = gnu99;
				GCC_DYNAMIC_NO_PIC = NO;
				GCC_NO_COMMON_BLOCKS = YES;
				GCC_OPTIMIZATION_LEVEL = 0;
				GCC_PREPROCESSOR_DEFINITIONS = (
					"DEBUG=1",
					"$(inherited)",
				);
				GCC_SYMBOLS_PRIVATE_EXTERN = NO;
				GCC_WARN_64_TO_32_BIT_CONVERSION = YES;
				GCC_WARN_ABOUT_RETURN_TYPE = YES_ERROR;
				GCC_WARN_UNDECLARED_SELECTOR = YES;
				GCC_WARN_UNINITIALIZED_AUTOS = YES_AGGRESSIVE;
				GCC_WARN_UNUSED_FUNCTION = YES;
				GCC_WARN_UNUSED_VARIABLE = YES;
				IPHONEOS_DEPLOYMENT_TARGET = 8.4;
				MTL_ENABLE_DEBUG_INFO = YES;
				ONLY_ACTIVE_ARCH = YES;
				SDKROOT = iphoneos;
				SWIFT_OPTIMIZATION_LEVEL = "-Onone";
				TARGETED_DEVICE_FAMILY = "1,2";
			};
			name = Debug;
		};
		61D1F35B1B9BCB340071F9A0 /* Release */ = {
			isa = XCBuildConfiguration;
			buildSettings = {
				ALWAYS_SEARCH_USER_PATHS = NO;
				CLANG_CXX_LANGUAGE_STANDARD = "gnu++0x";
				CLANG_CXX_LIBRARY = "libc++";
				CLANG_ENABLE_MODULES = YES;
				CLANG_ENABLE_OBJC_ARC = YES;
				CLANG_WARN_BOOL_CONVERSION = YES;
				CLANG_WARN_CONSTANT_CONVERSION = YES;
				CLANG_WARN_DIRECT_OBJC_ISA_USAGE = YES_ERROR;
				CLANG_WARN_EMPTY_BODY = YES;
				CLANG_WARN_ENUM_CONVERSION = YES;
				CLANG_WARN_INT_CONVERSION = YES;
				CLANG_WARN_OBJC_ROOT_CLASS = YES_ERROR;
				CLANG_WARN_UNREACHABLE_CODE = YES;
				CLANG_WARN__DUPLICATE_METHOD_MATCH = YES;
				"CODE_SIGN_IDENTITY[sdk=iphoneos*]" = "";
				COPY_PHASE_STRIP = NO;
				DEBUG_INFORMATION_FORMAT = "dwarf-with-dsym";
				ENABLE_NS_ASSERTIONS = NO;
				ENABLE_STRICT_OBJC_MSGSEND = YES;
				GCC_C_LANGUAGE_STANDARD = gnu99;
				GCC_NO_COMMON_BLOCKS = YES;
				GCC_WARN_64_TO_32_BIT_CONVERSION = YES;
				GCC_WARN_ABOUT_RETURN_TYPE = YES_ERROR;
				GCC_WARN_UNDECLARED_SELECTOR = YES;
				GCC_WARN_UNINITIALIZED_AUTOS = YES_AGGRESSIVE;
				GCC_WARN_UNUSED_FUNCTION = YES;
				GCC_WARN_UNUSED_VARIABLE = YES;
				IPHONEOS_DEPLOYMENT_TARGET = 8.4;
				MTL_ENABLE_DEBUG_INFO = NO;
				SDKROOT = iphoneos;
				TARGETED_DEVICE_FAMILY = "1,2";
				VALIDATE_PRODUCT = YES;
			};
			name = Release;
		};
		61D1F35D1B9BCB340071F9A0 /* Debug */ = {
			isa = XCBuildConfiguration;
			buildSettings = {
				ASSETCATALOG_COMPILER_APPICON_NAME = AppIcon;
				INFOPLIST_FILE = SkeletonApp/Info.plist;
				IPHONEOS_DEPLOYMENT_TARGET = 8.4;
				LD_RUNPATH_SEARCH_PATHS = "$(inherited) @executable_path/Frameworks";
				PRODUCT_NAME = "$(TARGET_NAME)";
			};
			name = Debug;
		};
		61D1F35E1B9BCB340071F9A0 /* Release */ = {
			isa = XCBuildConfiguration;
			buildSettings = {
				ASSETCATALOG_COMPILER_APPICON_NAME = AppIcon;
				INFOPLIST_FILE = SkeletonApp/Info.plist;
				IPHONEOS_DEPLOYMENT_TARGET = 8.4;
				LD_RUNPATH_SEARCH_PATHS = "$(inherited) @executable_path/Frameworks";
				PRODUCT_NAME = "$(TARGET_NAME)";
			};
			name = Release;
		};
		61D1F3601B9BCB340071F9A0 /* Debug */ = {
			isa = XCBuildConfiguration;
			buildSettings = {
				BUNDLE_LOADER = "$(TEST_HOST)";
				FRAMEWORK_SEARCH_PATHS = (
					"$(SDKROOT)/Developer/Library/Frameworks",
					"$(inherited)",
				);
				GCC_PREPROCESSOR_DEFINITIONS = (
					"DEBUG=1",
					"$(inherited)",
				);
				INFOPLIST_FILE = SkeletonAppTests/Info.plist;
				LD_RUNPATH_SEARCH_PATHS = "$(inherited) @executable_path/Frameworks @loader_path/Frameworks";
				PRODUCT_NAME = "$(TARGET_NAME)";
				TEST_HOST = "$(BUILT_PRODUCTS_DIR)/SkeletonApp.app/SkeletonApp";
			};
			name = Debug;
		};
		61D1F3611B9BCB340071F9A0 /* Release */ = {
			isa = XCBuildConfiguration;
			buildSettings = {
				BUNDLE_LOADER = "$(TEST_HOST)";
				FRAMEWORK_SEARCH_PATHS = (
					"$(SDKROOT)/Developer/Library/Frameworks",
					"$(inherited)",
				);
				INFOPLIST_FILE = SkeletonAppTests/Info.plist;
				LD_RUNPATH_SEARCH_PATHS = "$(inherited) @executable_path/Frameworks @loader_path/Frameworks";
				PRODUCT_NAME = "$(TARGET_NAME)";
				TEST_HOST = "$(BUILT_PRODUCTS_DIR)/SkeletonApp.app/SkeletonApp";
			};
			name = Release;
		};
/* End XCBuildConfiguration section */

/* Begin XCConfigurationList section */
		61D1F3381B9BCB340071F9A0 /* Build configuration list for PBXProject "SkeletonApp" */ = {
			isa = XCConfigurationList;
			buildConfigurations = (
				61D1F35A1B9BCB340071F9A0 /* Debug */,
				61D1F35B1B9BCB340071F9A0 /* Release */,
			);
			defaultConfigurationIsVisible = 0;
			defaultConfigurationName = Release;
		};
		61D1F35C1B9BCB340071F9A0 /* Build configuration list for PBXNativeTarget "SkeletonApp" */ = {
			isa = XCConfigurationList;
			buildConfigurations = (
				61D1F35D1B9BCB340071F9A0 /* Debug */,
				61D1F35E1B9BCB340071F9A0 /* Release */,
			);
			defaultConfigurationIsVisible = 0;
			defaultConfigurationName = Release;
		};
		61D1F35F1B9BCB340071F9A0 /* Build configuration list for PBXNativeTarget "SkeletonAppTests" */ = {
			isa = XCConfigurationList;
			buildConfigurations = (
				61D1F3601B9BCB340071F9A0 /* Debug */,
				61D1F3611B9BCB340071F9A0 /* Release */,
			);
			defaultConfigurationIsVisible = 0;
			defaultConfigurationName = Release;
		};
/* End XCConfigurationList section */
	};
	rootObject = 61D1F3351B9BCB340071F9A0 /* Project object */;
}
